
Microsoft Visual Studio Solution File, Format Version 12.00
# Visual Studio Version 17
VisualStudioVersion = 17.13.35818.85
MinimumVisualStudioVersion = 10.0.40219.1
Project("{FAE04EC0-301F-11D3-BF4B-00C04F79EFBC}") = "Attendance.WS", "Attendance.WS\Attendance.WS.csproj", "{B2DDD257-C7D9-4FE8-BA71-E878E426127F}"
EndProject
Project("{FAE04EC0-301F-11D3-BF4B-00C04F79EFBC}") = "Attendance.BusinessLogic", "Attendance.BusinessLogic\Attendance.BusinessLogic.csproj", "{D2DA83CE-5F82-C9D6-9B93-EE4BDF007680}"
EndProject
Project("{FAE04EC0-301F-11D3-BF4B-00C04F79EFBC}") = "Attendance.DataAccess", "Attendance.DataAccess\Attendance.DataAccess.csproj", "{CF754362-13DE-2DE8-7331-DBDF1880AA2A}"
EndProject
Project("{FAE04EC0-301F-11D3-BF4B-00C04F79EFBC}") = "Attendance.Models", "Attendance.Models\Attendance.Models.csproj", "{82FC372B-D63F-032C-5E08-3140CE349805}"
EndProject
Project("{FAE04EC0-301F-11D3-BF4B-00C04F79EFBC}") = "Attendance.Library", "Attendance.Library\Attendance.Library.csproj", "{08B06295-E413-5110-B191-28103D66E517}"
EndProject
Global
	GlobalSection(SolutionConfigurationPlatforms) = preSolution
		Debug|Any CPU = Debug|Any CPU
		Release|Any CPU = Release|Any CPU
	EndGlobalSection
	GlobalSection(ProjectConfigurationPlatforms) = postSolution
		{B2DDD257-C7D9-4FE8-BA71-E878E426127F}.Debug|Any CPU.ActiveCfg = Debug|Any CPU
		{B2DDD257-C7D9-4FE8-BA71-E878E426127F}.Debug|Any CPU.Build.0 = Debug|Any CPU
		{B2DDD257-C7D9-4FE8-BA71-E878E426127F}.Release|Any CPU.ActiveCfg = Release|Any CPU
		{B2DDD257-C7D9-4FE8-BA71-E878E426127F}.Release|Any CPU.Build.0 = Release|Any CPU
		{D2DA83CE-5F82-C9D6-9B93-EE4BDF007680}.Debug|Any CPU.ActiveCfg = Debug|Any CPU
		{D2DA83CE-5F82-C9D6-9B93-EE4BDF007680}.Debug|Any CPU.Build.0 = Debug|Any CPU
		{D2DA83CE-5F82-C9D6-9B93-EE4BDF007680}.Release|Any CPU.ActiveCfg = Release|Any CPU
		{D2DA83CE-5F82-C9D6-9B93-EE4BDF007680}.Release|Any CPU.Build.0 = Release|Any CPU
		{CF754362-13DE-2DE8-7331-DBDF1880AA2A}.Debug|Any CPU.ActiveCfg = Debug|Any CPU
		{CF754362-13DE-2DE8-7331-DBDF1880AA2A}.Debug|Any CPU.Build.0 = Debug|Any CPU
		{CF754362-13DE-2DE8-7331-DBDF1880AA2A}.Release|Any CPU.ActiveCfg = Release|Any CPU
		{CF754362-13DE-2DE8-7331-DBDF1880AA2A}.Release|Any CPU.Build.0 = Release|Any CPU
		{82FC372B-D63F-032C-5E08-3140CE349805}.Debug|Any CPU.ActiveCfg = Debug|Any CPU
		{82FC372B-D63F-032C-5E08-3140CE349805}.Debug|Any CPU.Build.0 = Debug|Any CPU
		{82FC372B-D63F-032C-5E08-3140CE349805}.Release|Any CPU.ActiveCfg = Release|Any CPU
		{82FC372B-D63F-032C-5E08-3140CE349805}.Release|Any CPU.Build.0 = Release|Any CPU
		{08B06295-E413-5110-B191-28103D66E517}.Debug|Any CPU.ActiveCfg = Debug|Any CPU
		{08B06295-E413-5110-B191-28103D66E517}.Debug|Any CPU.Build.0 = Debug|Any CPU
		{08B06295-E413-5110-B191-28103D66E517}.Release|Any CPU.ActiveCfg = Release|Any CPU
		{08B06295-E413-5110-B191-28103D66E517}.Release|Any CPU.Build.0 = Release|Any CPU
	EndGlobalSection
	GlobalSection(SolutionProperties) = preSolution
		HideSolutionNode = FALSE
	EndGlobalSection
	GlobalSection(ExtensibilityGlobals) = postSolution
		SolutionGuid = {5C26A141-099F-4FC7-8BF9-74033FDA81D0}
	EndGlobalSection
EndGlobal
